// !$*UTF8*$!
{
	archiveVersion = 1;
	classes = {
	};
	objectVersion = 56;
	objects = {

/* Begin PBXBuildFile section */
		E2A094352A9D17CA00EA2B46 /* LoginViewController.swift in Sources */ = {isa = PBXBuildFile; fileRef = E2A094342A9D17CA00EA2B46 /* LoginViewController.swift */; };
		E2A094372A9D17D000EA2B46 /* LoginView.swift in Sources */ = {isa = PBXBuildFile; fileRef = E2A094362A9D17D000EA2B46 /* LoginView.swift */; };
		E2C90D962A9A3F37004CE030 /* AppDelegate.swift in Sources */ = {isa = PBXBuildFile; fileRef = E2C90D952A9A3F37004CE030 /* AppDelegate.swift */; };
		E2C90D982A9A3F37004CE030 /* SceneDelegate.swift in Sources */ = {isa = PBXBuildFile; fileRef = E2C90D972A9A3F37004CE030 /* SceneDelegate.swift */; };
		E2C90D9A2A9A3F37004CE030 /* HomeViewController.swift in Sources */ = {isa = PBXBuildFile; fileRef = E2C90D992A9A3F37004CE030 /* HomeViewController.swift */; };
		E2C90D9F2A9A3F38004CE030 /* Assets.xcassets in Resources */ = {isa = PBXBuildFile; fileRef = E2C90D9E2A9A3F38004CE030 /* Assets.xcassets */; };
		E2C90DA22A9A3F38004CE030 /* LaunchScreen.storyboard in Resources */ = {isa = PBXBuildFile; fileRef = E2C90DA02A9A3F38004CE030 /* LaunchScreen.storyboard */; };
		E2C90DAC2A9A43E2004CE030 /* HomeView.swift in Sources */ = {isa = PBXBuildFile; fileRef = E2C90DAB2A9A43E2004CE030 /* HomeView.swift */; };
		E2C90DAF2A9A45F0004CE030 /* PresentViewController.swift in Sources */ = {isa = PBXBuildFile; fileRef = E2C90DAE2A9A45F0004CE030 /* PresentViewController.swift */; };
		E2C90DB12A9A45F6004CE030 /* PresentView.swift in Sources */ = {isa = PBXBuildFile; fileRef = E2C90DB02A9A45F6004CE030 /* PresentView.swift */; };
/* End PBXBuildFile section */

/* Begin PBXFileReference section */
		E2A094342A9D17CA00EA2B46 /* LoginViewController.swift */ = {isa = PBXFileReference; lastKnownFileType = sourcecode.swift; path = LoginViewController.swift; sourceTree = "<group>"; };
		E2A094362A9D17D000EA2B46 /* LoginView.swift */ = {isa = PBXFileReference; lastKnownFileType = sourcecode.swift; path = LoginView.swift; sourceTree = "<group>"; };
		E2C90D922A9A3F37004CE030 /* Challenge-DevSpace-Login.app */ = {isa = PBXFileReference; explicitFileType = wrapper.application; includeInIndex = 0; path = "Challenge-DevSpace-Login.app"; sourceTree = BUILT_PRODUCTS_DIR; };
		E2C90D952A9A3F37004CE030 /* AppDelegate.swift */ = {isa = PBXFileReference; lastKnownFileType = sourcecode.swift; path = AppDelegate.swift; sourceTree = "<group>"; };
		E2C90D972A9A3F37004CE030 /* SceneDelegate.swift */ = {isa = PBXFileReference; lastKnownFileType = sourcecode.swift; path = SceneDelegate.swift; sourceTree = "<group>"; };
		E2C90D992A9A3F37004CE030 /* HomeViewController.swift */ = {isa = PBXFileReference; lastKnownFileType = sourcecode.swift; path = HomeViewController.swift; sourceTree = "<group>"; };
		E2C90D9E2A9A3F38004CE030 /* Assets.xcassets */ = {isa = PBXFileReference; lastKnownFileType = folder.assetcatalog; path = Assets.xcassets; sourceTree = "<group>"; };
		E2C90DA12A9A3F38004CE030 /* Base */ = {isa = PBXFileReference; lastKnownFileType = file.storyboard; name = Base; path = Base.lproj/LaunchScreen.storyboard; sourceTree = "<group>"; };
		E2C90DA32A9A3F38004CE030 /* Info.plist */ = {isa = PBXFileReference; lastKnownFileType = text.plist.xml; path = Info.plist; sourceTree = "<group>"; };
		E2C90DAB2A9A43E2004CE030 /* HomeView.swift */ = {isa = PBXFileReference; lastKnownFileType = sourcecode.swift; path = HomeView.swift; sourceTree = "<group>"; };
		E2C90DAE2A9A45F0004CE030 /* PresentViewController.swift */ = {isa = PBXFileReference; lastKnownFileType = sourcecode.swift; path = PresentViewController.swift; sourceTree = "<group>"; };
		E2C90DB02A9A45F6004CE030 /* PresentView.swift */ = {isa = PBXFileReference; lastKnownFileType = sourcecode.swift; path = PresentView.swift; sourceTree = "<group>"; };
/* End PBXFileReference section */

/* Begin PBXFrameworksBuildPhase section */
		E2C90D8F2A9A3F37004CE030 /* Frameworks */ = {
			isa = PBXFrameworksBuildPhase;
			buildActionMask = 2147483647;
			files = (
			);
			runOnlyForDeploymentPostprocessing = 0;
		};
/* End PBXFrameworksBuildPhase section */

/* Begin PBXGroup section */
		E2A094332A9D17BE00EA2B46 /* Login */ = {
			isa = PBXGroup;
			children = (
				E2A094342A9D17CA00EA2B46 /* LoginViewController.swift */,
				E2A094362A9D17D000EA2B46 /* LoginView.swift */,
			);
			path = Login;
			sourceTree = "<group>";
		};
		E2C90D892A9A3F37004CE030 = {
			isa = PBXGroup;
			children = (
				E2C90D942A9A3F37004CE030 /* Challenge-DevSpace-Login */,
				E2C90D932A9A3F37004CE030 /* Products */,
			);
			sourceTree = "<group>";
		};
		E2C90D932A9A3F37004CE030 /* Products */ = {
			isa = PBXGroup;
			children = (
				E2C90D922A9A3F37004CE030 /* Challenge-DevSpace-Login.app */,
			);
			name = Products;
			sourceTree = "<group>";
		};
		E2C90D942A9A3F37004CE030 /* Challenge-DevSpace-Login */ = {
			isa = PBXGroup;
			children = (
				E2A094332A9D17BE00EA2B46 /* Login */,
				E2C90DA92A9A4046004CE030 /* Home */,
				E2C90DAD2A9A45D9004CE030 /* Present */,
				E2C90DAA2A9A4083004CE030 /* Resouces */,
				E2C90DA32A9A3F38004CE030 /* Info.plist */,
			);
			path = "Challenge-DevSpace-Login";
			sourceTree = "<group>";
		};
		E2C90DA92A9A4046004CE030 /* Home */ = {
			isa = PBXGroup;
			children = (
				E2C90D992A9A3F37004CE030 /* HomeViewController.swift */,
				E2C90DAB2A9A43E2004CE030 /* HomeView.swift */,
			);
			path = Home;
			sourceTree = "<group>";
		};
		E2C90DAA2A9A4083004CE030 /* Resouces */ = {
			isa = PBXGroup;
			children = (
				E2C90D9E2A9A3F38004CE030 /* Assets.xcassets */,
				E2C90DA02A9A3F38004CE030 /* LaunchScreen.storyboard */,
				E2C90D952A9A3F37004CE030 /* AppDelegate.swift */,
				E2C90D972A9A3F37004CE030 /* SceneDelegate.swift */,
			);
			path = Resouces;
			sourceTree = "<group>";
		};
		E2C90DAD2A9A45D9004CE030 /* Present */ = {
			isa = PBXGroup;
			children = (
				E2C90DAE2A9A45F0004CE030 /* PresentViewController.swift */,
				E2C90DB02A9A45F6004CE030 /* PresentView.swift */,
			);
			path = Present;
			sourceTree = "<group>";
		};
/* End PBXGroup section */

/* Begin PBXNativeTarget section */
		E2C90D912A9A3F37004CE030 /* Challenge-DevSpace-Login */ = {
			isa = PBXNativeTarget;
			buildConfigurationList = E2C90DA62A9A3F38004CE030 /* Build configuration list for PBXNativeTarget "Challenge-DevSpace-Login" */;
			buildPhases = (
				E2C90D8E2A9A3F37004CE030 /* Sources */,
				E2C90D8F2A9A3F37004CE030 /* Frameworks */,
				E2C90D902A9A3F37004CE030 /* Resources */,
			);
			buildRules = (
			);
			dependencies = (
			);
			name = "Challenge-DevSpace-Login";
			productName = "Challenge-DevSpace-Login";
			productReference = E2C90D922A9A3F37004CE030 /* Challenge-DevSpace-Login.app */;
			productType = "com.apple.product-type.application";
		};
/* End PBXNativeTarget section */

/* Begin PBXProject section */
		E2C90D8A2A9A3F37004CE030 /* Project object */ = {
			isa = PBXProject;
			attributes = {
				BuildIndependentTargetsInParallel = 1;
				LastSwiftUpdateCheck = 1430;
				LastUpgradeCheck = 1430;
				TargetAttributes = {
					E2C90D912A9A3F37004CE030 = {
						CreatedOnToolsVersion = 14.3.1;
					};
				};
			};
			buildConfigurationList = E2C90D8D2A9A3F37004CE030 /* Build configuration list for PBXProject "Challenge-DevSpace-Login" */;
			compatibilityVersion = "Xcode 14.0";
			developmentRegion = en;
			hasScannedForEncodings = 0;
			knownRegions = (
				en,
				Base,
			);
			mainGroup = E2C90D892A9A3F37004CE030;
			productRefGroup = E2C90D932A9A3F37004CE030 /* Products */;
			projectDirPath = "";
			projectRoot = "";
			targets = (
				E2C90D912A9A3F37004CE030 /* Challenge-DevSpace-Login */,
			);
		};
/* End PBXProject section */

/* Begin PBXResourcesBuildPhase section */
		E2C90D902A9A3F37004CE030 /* Resources */ = {
			isa = PBXResourcesBuildPhase;
			buildActionMask = 2147483647;
			files = (
				E2C90DA22A9A3F38004CE030 /* LaunchScreen.storyboard in Resources */,
				E2C90D9F2A9A3F38004CE030 /* Assets.xcassets in Resources */,
			);
			runOnlyForDeploymentPostprocessing = 0;
		};
/* End PBXResourcesBuildPhase section */

/* Begin PBXSourcesBuildPhase section */
		E2C90D8E2A9A3F37004CE030 /* Sources */ = {
			isa = PBXSourcesBuildPhase;
			buildActionMask = 2147483647;
			files = (
				E2A094352A9D17CA00EA2B46 /* LoginViewController.swift in Sources */,
				E2C90D9A2A9A3F37004CE030 /* HomeViewController.swift in Sources */,
				E2C90DAC2A9A43E2004CE030 /* HomeView.swift in Sources */,
				E2C90DAF2A9A45F0004CE030 /* PresentViewController.swift in Sources */,
				E2C90D962A9A3F37004CE030 /* AppDelegate.swift in Sources */,
				E2C90DB12A9A45F6004CE030 /* PresentView.swift in Sources */,
				E2A094372A9D17D000EA2B46 /* LoginView.swift in Sources */,
				E2C90D982A9A3F37004CE030 /* SceneDelegate.swift in Sources */,
			);
			runOnlyForDeploymentPostprocessing = 0;
		};
/* End PBXSourcesBuildPhase section */

/* Begin PBXVariantGroup section */
		E2C90DA02A9A3F38004CE030 /* LaunchScreen.storyboard */ = {
			isa = PBXVariantGroup;
			children = (
				E2C90DA12A9A3F38004CE030 /* Base */,
			);
			name = LaunchScreen.storyboard;
			sourceTree = "<group>";
		};
/* End PBXVariantGroup section */

/* Begin XCBuildConfiguration section */
		E2C90DA42A9A3F38004CE030 /* Debug */ = {
			isa = XCBuildConfiguration;
			buildSettings = {
				ALWAYS_SEARCH_USER_PATHS = NO;
				CLANG_ANALYZER_NONNULL = YES;
				CLANG_ANALYZER_NUMBER_OBJECT_CONVERSION = YES_AGGRESSIVE;
				CLANG_CXX_LANGUAGE_STANDARD = "gnu++20";
				CLANG_ENABLE_MODULES = YES;
				CLANG_ENABLE_OBJC_ARC = YES;
				CLANG_ENABLE_OBJC_WEAK = YES;
				CLANG_WARN_BLOCK_CAPTURE_AUTORELEASING = YES;
				CLANG_WARN_BOOL_CONVERSION = YES;
				CLANG_WARN_COMMA = YES;
				CLANG_WARN_CONSTANT_CONVERSION = YES;
				CLANG_WARN_DEPRECATED_OBJC_IMPLEMENTATIONS = YES;
				CLANG_WARN_DIRECT_OBJC_ISA_USAGE = YES_ERROR;
				CLANG_WARN_DOCUMENTATION_COMMENTS = YES;
				CLANG_WARN_EMPTY_BODY = YES;
				CLANG_WARN_ENUM_CONVERSION = YES;
				CLANG_WARN_INFINITE_RECURSION = YES;
				CLANG_WARN_INT_CONVERSION = YES;
				CLANG_WARN_NON_LITERAL_NULL_CONVERSION = YES;
				CLANG_WARN_OBJC_IMPLICIT_RETAIN_SELF = YES;
				CLANG_WARN_OBJC_LITERAL_CONVERSION = YES;
				CLANG_WARN_OBJC_ROOT_CLASS = YES_ERROR;
				CLANG_WARN_QUOTED_INCLUDE_IN_FRAMEWORK_HEADER = YES;
				CLANG_WARN_RANGE_LOOP_ANALYSIS = YES;
				CLANG_WARN_STRICT_PROTOTYPES = YES;
				CLANG_WARN_SUSPICIOUS_MOVE = YES;
				CLANG_WARN_UNGUARDED_AVAILABILITY = YES_AGGRESSIVE;
				CLANG_WARN_UNREACHABLE_CODE = YES;
				CLANG_WARN__DUPLICATE_METHOD_MATCH = YES;
				COPY_PHASE_STRIP = NO;
				DEBUG_INFORMATION_FORMAT = dwarf;
				ENABLE_STRICT_OBJC_MSGSEND = YES;
				ENABLE_TESTABILITY = YES;
				GCC_C_LANGUAGE_STANDARD = gnu11;
				GCC_DYNAMIC_NO_PIC = NO;
				GCC_NO_COMMON_BLOCKS = YES;
				GCC_OPTIMIZATION_LEVEL = 0;
				GCC_PREPROCESSOR_DEFINITIONS = (
					"DEBUG=1",
					"$(inherited)",
				);
				GCC_WARN_64_TO_32_BIT_CONVERSION = YES;
				GCC_WARN_ABOUT_RETURN_TYPE = YES_ERROR;
				GCC_WARN_UNDECLARED_SELECTOR = YES;
				GCC_WARN_UNINITIALIZED_AUTOS = YES_AGGRESSIVE;
				GCC_WARN_UNUSED_FUNCTION = YES;
				GCC_WARN_UNUSED_VARIABLE = YES;
				IPHONEOS_DEPLOYMENT_TARGET = 16.4;
				MTL_ENABLE_DEBUG_INFO = INCLUDE_SOURCE;
				MTL_FAST_MATH = YES;
				ONLY_ACTIVE_ARCH = YES;
				SDKROOT = iphoneos;
				SWIFT_ACTIVE_COMPILATION_CONDITIONS = DEBUG;
				SWIFT_OPTIMIZATION_LEVEL = "-Onone";
			};
			name = Debug;
		};
		E2C90DA52A9A3F38004CE030 /* Release */ = {
			isa = XCBuildConfiguration;
			buildSettings = {
				ALWAYS_SEARCH_USER_PATHS = NO;
				CLANG_ANALYZER_NONNULL = YES;
				CLANG_ANALYZER_NUMBER_OBJECT_CONVERSION = YES_AGGRESSIVE;
				CLANG_CXX_LANGUAGE_STANDARD = "gnu++20";
				CLANG_ENABLE_MODULES = YES;
				CLANG_ENABLE_OBJC_ARC = YES;
				CLANG_ENABLE_OBJC_WEAK = YES;
				CLANG_WARN_BLOCK_CAPTURE_AUTORELEASING = YES;
				CLANG_WARN_BOOL_CONVERSION = YES;
				CLANG_WARN_COMMA = YES;
				CLANG_WARN_CONSTANT_CONVERSION = YES;
				CLANG_WARN_DEPRECATED_OBJC_IMPLEMENTATIONS = YES;
				CLANG_WARN_DIRECT_OBJC_ISA_USAGE = YES_ERROR;
				CLANG_WARN_DOCUMENTATION_COMMENTS = YES;
				CLANG_WARN_EMPTY_BODY = YES;
				CLANG_WARN_ENUM_CONVERSION = YES;
				CLANG_WARN_INFINITE_RECURSION = YES;
				CLANG_WARN_INT_CONVERSION = YES;
				CLANG_WARN_NON_LITERAL_NULL_CONVERSION = YES;
				CLANG_WARN_OBJC_IMPLICIT_RETAIN_SELF = YES;
				CLANG_WARN_OBJC_LITERAL_CONVERSION = YES;
				CLANG_WARN_OBJC_ROOT_CLASS = YES_ERROR;
				CLANG_WARN_QUOTED_INCLUDE_IN_FRAMEWORK_HEADER = YES;
				CLANG_WARN_RANGE_LOOP_ANALYSIS = YES;
				CLANG_WARN_STRICT_PROTOTYPES = YES;
				CLANG_WARN_SUSPICIOUS_MOVE = YES;
				CLANG_WARN_UNGUARDED_AVAILABILITY = YES_AGGRESSIVE;
				CLANG_WARN_UNREACHABLE_CODE = YES;
				CLANG_WARN__DUPLICATE_METHOD_MATCH = YES;
				COPY_PHASE_STRIP = NO;
				DEBUG_INFORMATION_FORMAT = "dwarf-with-dsym";
				ENABLE_NS_ASSERTIONS = NO;
				ENABLE_STRICT_OBJC_MSGSEND = YES;
				GCC_C_LANGUAGE_STANDARD = gnu11;
				GCC_NO_COMMON_BLOCKS = YES;
				GCC_WARN_64_TO_32_BIT_CONVERSION = YES;
				GCC_WARN_ABOUT_RETURN_TYPE = YES_ERROR;
				GCC_WARN_UNDECLARED_SELECTOR = YES;
				GCC_WARN_UNINITIALIZED_AUTOS = YES_AGGRESSIVE;
				GCC_WARN_UNUSED_FUNCTION = YES;
				GCC_WARN_UNUSED_VARIABLE = YES;
				IPHONEOS_DEPLOYMENT_TARGET = 16.4;
				MTL_ENABLE_DEBUG_INFO = NO;
				MTL_FAST_MATH = YES;
				SDKROOT = iphoneos;
				SWIFT_COMPILATION_MODE = wholemodule;
				SWIFT_OPTIMIZATION_LEVEL = "-O";
				VALIDATE_PRODUCT = YES;
			};
			name = Release;
		};
		E2C90DA72A9A3F38004CE030 /* Debug */ = {
			isa = XCBuildConfiguration;
			buildSettings = {
				ASSETCATALOG_COMPILER_APPICON_NAME = AppIcon;
				ASSETCATALOG_COMPILER_GLOBAL_ACCENT_COLOR_NAME = AccentColor;
				CODE_SIGN_STYLE = Automatic;
				CURRENT_PROJECT_VERSION = 1;
				DEVELOPMENT_TEAM = 7VCG3Q5X7H;
				GENERATE_INFOPLIST_FILE = YES;
				INFOPLIST_FILE = "Challenge-DevSpace-Login/Info.plist";
				INFOPLIST_KEY_UIApplicationSupportsIndirectInputEvents = YES;
				INFOPLIST_KEY_UILaunchStoryboardName = LaunchScreen;
				INFOPLIST_KEY_UIMainStoryboardFile = "";
				INFOPLIST_KEY_UISupportedInterfaceOrientations_iPad = "UIInterfaceOrientationPortrait UIInterfaceOrientationPortraitUpsideDown UIInterfaceOrientationLandscapeLeft UIInterfaceOrientationLandscapeRight";
				INFOPLIST_KEY_UISupportedInterfaceOrientations_iPhone = "UIInterfaceOrientationPortrait UIInterfaceOrientationLandscapeLeft UIInterfaceOrientationLandscapeRight";
				LD_RUNPATH_SEARCH_PATHS = (
					"$(inherited)",
					"@executable_path/Frameworks",
				);
				MARKETING_VERSION = 1.0;
				PRODUCT_BUNDLE_IDENTIFIER = "jadie.Challenge-DevSpace-Login";
				PRODUCT_NAME = "$(TARGET_NAME)";
				SUPPORTED_PLATFORMS = "iphoneos iphonesimulator";
				SUPPORTS_MACCATALYST = NO;
				SUPPORTS_MAC_DESIGNED_FOR_IPHONE_IPAD = NO;
				SWIFT_EMIT_LOC_STRINGS = YES;
				SWIFT_VERSION = 5.0;
				TARGETED_DEVICE_FAMILY = 1;
			};
			name = Debug;
		};
		E2C90DA82A9A3F38004CE030 /* Release */ = {
			isa = XCBuildConfiguration;
			buildSettings = {
				ASSETCATALOG_COMPILER_APPICON_NAME = AppIcon;
				ASSETCATALOG_COMPILER_GLOBAL_ACCENT_COLOR_NAME = AccentColor;
				CODE_SIGN_STYLE = Automatic;
				CURRENT_PROJECT_VERSION = 1;
				DEVELOPMENT_TEAM = 7VCG3Q5X7H;
				GENERATE_INFOPLIST_FILE = YES;
				INFOPLIST_FILE = "Challenge-DevSpace-Login/Info.plist";
				INFOPLIST_KEY_UIApplicationSupportsIndirectInputEvents = YES;
				INFOPLIST_KEY_UILaunchStoryboardName = LaunchScreen;
				INFOPLIST_KEY_UIMainStoryboardFile = "";
				INFOPLIST_KEY_UISupportedInterfaceOrientations_iPad = "UIInterfaceOrientationPortrait UIInterfaceOrientationPortraitUpsideDown UIInterfaceOrientationLandscapeLeft UIInterfaceOrientationLandscapeRight";
				INFOPLIST_KEY_UISupportedInterfaceOrientations_iPhone = "UIInterfaceOrientationPortrait UIInterfaceOrientationLandscapeLeft UIInterfaceOrientationLandscapeRight";
				LD_RUNPATH_SEARCH_PATHS = (
					"$(inherited)",
					"@executable_path/Frameworks",
				);
				MARKETING_VERSION = 1.0;
				PRODUCT_BUNDLE_IDENTIFIER = "jadie.Challenge-DevSpace-Login";
				PRODUCT_NAME = "$(TARGET_NAME)";
				SUPPORTED_PLATFORMS = "iphoneos iphonesimulator";
				SUPPORTS_MACCATALYST = NO;
				SUPPORTS_MAC_DESIGNED_FOR_IPHONE_IPAD = NO;
				SWIFT_EMIT_LOC_STRINGS = YES;
				SWIFT_VERSION = 5.0;
				TARGETED_DEVICE_FAMILY = 1;
			};
			name = Release;
		};
/* End XCBuildConfiguration section */

/* Begin XCConfigurationList section */
		E2C90D8D2A9A3F37004CE030 /* Build configuration list for PBXProject "Challenge-DevSpace-Login" */ = {
			isa = XCConfigurationList;
			buildConfigurations = (
				E2C90DA42A9A3F38004CE030 /* Debug */,
				E2C90DA52A9A3F38004CE030 /* Release */,
			);
			defaultConfigurationIsVisible = 0;
			defaultConfigurationName = Release;
		};
		E2C90DA62A9A3F38004CE030 /* Build configuration list for PBXNativeTarget "Challenge-DevSpace-Login" */ = {
			isa = XCConfigurationList;
			buildConfigurations = (
				E2C90DA72A9A3F38004CE030 /* Debug */,
				E2C90DA82A9A3F38004CE030 /* Release */,
			);
			defaultConfigurationIsVisible = 0;
			defaultConfigurationName = Release;
		};
/* End XCConfigurationList section */
	};
	rootObject = E2C90D8A2A9A3F37004CE030 /* Project object */;
}
